
Microsoft Visual Studio Solution File, Format Version 12.00
# Visual Studio Version 16
VisualStudioVersion = 16.0.29318.209
MinimumVisualStudioVersion = 10.0.40219.1
Project("{FAE04EC0-301F-11D3-BF4B-00C04F79EFBC}") = "Login", "Login\Login.csproj", "{0A9810BA-5005-4290-BDAB-5A224A5899DA}"
EndProject
Global
	GlobalSection(SolutionConfigurationPlatforms) = preSolution
		Debug|Any CPU = Debug|Any CPU
		Release|Any CPU = Release|Any CPU
	EndGlobalSection
	GlobalSection(ProjectConfigurationPlatforms) = postSolution
		{0A9810BA-5005-4290-BDAB-5A224A5899DA}.Debug|Any CPU.ActiveCfg = Debug|Any CPU
		{0A9810BA-5005-4290-BDAB-5A224A5899DA}.Debug|Any CPU.Build.0 = Debug|Any CPU
		{0A9810BA-5005-4290-BDAB-5A224A5899DA}.Release|Any CPU.ActiveCfg = Release|Any CPU
		{0A9810BA-5005-4290-BDAB-5A224A5899DA}.Release|Any CPU.Build.0 = Release|Any CPU
	EndGlobalSection
	GlobalSection(SolutionProperties) = preSolution
		HideSolutionNode = FALSE
	EndGlobalSection
	GlobalSection(ExtensibilityGlobals) = postSolution
		SolutionGuid = {34703B0D-DE1E-497A-A654-CA7CC0C18185}
	EndGlobalSection
EndGlobal
